// !$*UTF8*$!
{
	archiveVersion = 1;
	classes = {
	};
	objectVersion = 56;
	objects = {

/* Begin PBXBuildFile section */
		3CA574812BBF2ADD000A806F /* IMDBProjectApp.swift in Sources */ = {isa = PBXBuildFile; fileRef = 3CA574802BBF2ADD000A806F /* IMDBProjectApp.swift */; };
		3CA574852BBF2ADE000A806F /* Assets.xcassets in Resources */ = {isa = PBXBuildFile; fileRef = 3CA574842BBF2ADE000A806F /* Assets.xcassets */; };
		3CA574882BBF2ADE000A806F /* Preview Assets.xcassets in Resources */ = {isa = PBXBuildFile; fileRef = 3CA574872BBF2ADE000A806F /* Preview Assets.xcassets */; };
		3CA574902BBF2B09000A806F /* ComposableArchitecture in Frameworks */ = {isa = PBXBuildFile; productRef = 3CA5748F2BBF2B09000A806F /* ComposableArchitecture */; };
		3CB6EF0D2BC03B7B0055E9AA /* HomeScreenFeature.swift in Sources */ = {isa = PBXBuildFile; fileRef = 3CB6EF0C2BC03B7B0055E9AA /* HomeScreenFeature.swift */; };
		3CB6EF112BC03FB20055E9AA /* NetworkManager.swift in Sources */ = {isa = PBXBuildFile; fileRef = 3CB6EF102BC03FB20055E9AA /* NetworkManager.swift */; };
		3CB6EF162BC041510055E9AA /* MovieResponse.swift in Sources */ = {isa = PBXBuildFile; fileRef = 3CB6EF152BC041510055E9AA /* MovieResponse.swift */; };
		3CB6EF182BC0416D0055E9AA /* Movie.swift in Sources */ = {isa = PBXBuildFile; fileRef = 3CB6EF172BC0416D0055E9AA /* Movie.swift */; };
		3CB6EF1A2BC041B90055E9AA /* TVShowResponse.swift in Sources */ = {isa = PBXBuildFile; fileRef = 3CB6EF192BC041B90055E9AA /* TVShowResponse.swift */; };
		3CB6EF1C2BC041D00055E9AA /* TVShow.swift in Sources */ = {isa = PBXBuildFile; fileRef = 3CB6EF1B2BC041D00055E9AA /* TVShow.swift */; };
		3CB6EF1E2BC046320055E9AA /* HomeScreenView.swift in Sources */ = {isa = PBXBuildFile; fileRef = 3CB6EF1D2BC046320055E9AA /* HomeScreenView.swift */; };
		3CB6EF212BC047FC0055E9AA /* MediaType.swift in Sources */ = {isa = PBXBuildFile; fileRef = 3CB6EF202BC047FC0055E9AA /* MediaType.swift */; };
		3CB6EF292BC062550055E9AA /* MediaItem.swift in Sources */ = {isa = PBXBuildFile; fileRef = 3CB6EF282BC062550055E9AA /* MediaItem.swift */; };
/* End PBXBuildFile section */

/* Begin PBXFileReference section */
		3CA5747D2BBF2ADD000A806F /* IMDBProject.app */ = {isa = PBXFileReference; explicitFileType = wrapper.application; includeInIndex = 0; path = IMDBProject.app; sourceTree = BUILT_PRODUCTS_DIR; };
		3CA574802BBF2ADD000A806F /* IMDBProjectApp.swift */ = {isa = PBXFileReference; lastKnownFileType = sourcecode.swift; path = IMDBProjectApp.swift; sourceTree = "<group>"; };
		3CA574842BBF2ADE000A806F /* Assets.xcassets */ = {isa = PBXFileReference; lastKnownFileType = folder.assetcatalog; path = Assets.xcassets; sourceTree = "<group>"; };
		3CA574872BBF2ADE000A806F /* Preview Assets.xcassets */ = {isa = PBXFileReference; lastKnownFileType = folder.assetcatalog; path = "Preview Assets.xcassets"; sourceTree = "<group>"; };
		3CB6EF0C2BC03B7B0055E9AA /* HomeScreenFeature.swift */ = {isa = PBXFileReference; lastKnownFileType = sourcecode.swift; path = HomeScreenFeature.swift; sourceTree = "<group>"; };
		3CB6EF102BC03FB20055E9AA /* NetworkManager.swift */ = {isa = PBXFileReference; lastKnownFileType = sourcecode.swift; path = NetworkManager.swift; sourceTree = "<group>"; };
		3CB6EF152BC041510055E9AA /* MovieResponse.swift */ = {isa = PBXFileReference; lastKnownFileType = sourcecode.swift; path = MovieResponse.swift; sourceTree = "<group>"; };
		3CB6EF172BC0416D0055E9AA /* Movie.swift */ = {isa = PBXFileReference; lastKnownFileType = sourcecode.swift; name = Movie.swift; path = ../../../../../../../../Applications/Movie.swift; sourceTree = "<group>"; };
		3CB6EF192BC041B90055E9AA /* TVShowResponse.swift */ = {isa = PBXFileReference; lastKnownFileType = sourcecode.swift; name = TVShowResponse.swift; path = ../../../../../../../../Applications/TVShowResponse.swift; sourceTree = "<group>"; };
		3CB6EF1B2BC041D00055E9AA /* TVShow.swift */ = {isa = PBXFileReference; lastKnownFileType = sourcecode.swift; path = TVShow.swift; sourceTree = "<group>"; };
		3CB6EF1D2BC046320055E9AA /* HomeScreenView.swift */ = {isa = PBXFileReference; lastKnownFileType = sourcecode.swift; path = HomeScreenView.swift; sourceTree = "<group>"; };
		3CB6EF202BC047FC0055E9AA /* MediaType.swift */ = {isa = PBXFileReference; lastKnownFileType = sourcecode.swift; path = MediaType.swift; sourceTree = "<group>"; };
		3CB6EF282BC062550055E9AA /* MediaItem.swift */ = {isa = PBXFileReference; lastKnownFileType = sourcecode.swift; path = MediaItem.swift; sourceTree = "<group>"; };
/* End PBXFileReference section */

/* Begin PBXFrameworksBuildPhase section */
		3CA5747A2BBF2ADD000A806F /* Frameworks */ = {
			isa = PBXFrameworksBuildPhase;
			buildActionMask = 2147483647;
			files = (
				3CA574902BBF2B09000A806F /* ComposableArchitecture in Frameworks */,
			);
			runOnlyForDeploymentPostprocessing = 0;
		};
/* End PBXFrameworksBuildPhase section */

/* Begin PBXGroup section */
		3CA574742BBF2ADD000A806F = {
			isa = PBXGroup;
			children = (
				3CA5747F2BBF2ADD000A806F /* IMDBProject */,
				3CA5747E2BBF2ADD000A806F /* Products */,
			);
			sourceTree = "<group>";
		};
		3CA5747E2BBF2ADD000A806F /* Products */ = {
			isa = PBXGroup;
			children = (
				3CA5747D2BBF2ADD000A806F /* IMDBProject.app */,
			);
			name = Products;
			sourceTree = "<group>";
		};
		3CA5747F2BBF2ADD000A806F /* IMDBProject */ = {
			isa = PBXGroup;
			children = (
				3CB6EF272BC062490055E9AA /* MediaItem */,
				3CB6EF1F2BC047E90055E9AA /* Enum */,
				3CB6EF122BC0412B0055E9AA /* Models */,
				3CB6EF0E2BC03F980055E9AA /* Network API */,
				3CB6EF0A2BC03B580055E9AA /* Home Screen */,
				3CA574802BBF2ADD000A806F /* IMDBProjectApp.swift */,
				3CA574842BBF2ADE000A806F /* Assets.xcassets */,
				3CA574862BBF2ADE000A806F /* Preview Content */,
			);
			path = IMDBProject;
			sourceTree = "<group>";
		};
		3CA574862BBF2ADE000A806F /* Preview Content */ = {
			isa = PBXGroup;
			children = (
				3CA574872BBF2ADE000A806F /* Preview Assets.xcassets */,
			);
			path = "Preview Content";
			sourceTree = "<group>";
		};
		3CB6EF0A2BC03B580055E9AA /* Home Screen */ = {
			isa = PBXGroup;
			children = (
				3CB6EF0C2BC03B7B0055E9AA /* HomeScreenFeature.swift */,
				3CB6EF1D2BC046320055E9AA /* HomeScreenView.swift */,
			);
			path = "Home Screen";
			sourceTree = "<group>";
		};
		3CB6EF0E2BC03F980055E9AA /* Network API */ = {
			isa = PBXGroup;
			children = (
				3CB6EF102BC03FB20055E9AA /* NetworkManager.swift */,
			);
			path = "Network API";
			sourceTree = "<group>";
		};
		3CB6EF122BC0412B0055E9AA /* Models */ = {
			isa = PBXGroup;
			children = (
				3CB6EF142BC0413B0055E9AA /* TVShows */,
				3CB6EF132BC041350055E9AA /* Movies */,
			);
			path = Models;
			sourceTree = "<group>";
		};
		3CB6EF132BC041350055E9AA /* Movies */ = {
			isa = PBXGroup;
			children = (
				3CB6EF152BC041510055E9AA /* MovieResponse.swift */,
				3CB6EF172BC0416D0055E9AA /* Movie.swift */,
			);
			path = Movies;
			sourceTree = "<group>";
		};
		3CB6EF142BC0413B0055E9AA /* TVShows */ = {
			isa = PBXGroup;
			children = (
				3CB6EF192BC041B90055E9AA /* TVShowResponse.swift */,
				3CB6EF1B2BC041D00055E9AA /* TVShow.swift */,
			);
			path = TVShows;
			sourceTree = "<group>";
		};
		3CB6EF1F2BC047E90055E9AA /* Enum */ = {
			isa = PBXGroup;
			children = (
				3CB6EF202BC047FC0055E9AA /* MediaType.swift */,
			);
			path = Enum;
			sourceTree = "<group>";
		};
		3CB6EF272BC062490055E9AA /* MediaItem */ = {
			isa = PBXGroup;
			children = (
				3CB6EF282BC062550055E9AA /* MediaItem.swift */,
			);
			path = MediaItem;
			sourceTree = "<group>";
		};
/* End PBXGroup section */

/* Begin PBXNativeTarget section */
		3CA5747C2BBF2ADD000A806F /* IMDBProject */ = {
			isa = PBXNativeTarget;
			buildConfigurationList = 3CA5748B2BBF2ADE000A806F /* Build configuration list for PBXNativeTarget "IMDBProject" */;
			buildPhases = (
				3CA574792BBF2ADD000A806F /* Sources */,
				3CA5747A2BBF2ADD000A806F /* Frameworks */,
				3CA5747B2BBF2ADD000A806F /* Resources */,
			);
			buildRules = (
			);
			dependencies = (
			);
			name = IMDBProject;
			packageProductDependencies = (
				3CA5748F2BBF2B09000A806F /* ComposableArchitecture */,
			);
			productName = IMDBProject;
			productReference = 3CA5747D2BBF2ADD000A806F /* IMDBProject.app */;
			productType = "com.apple.product-type.application";
		};
/* End PBXNativeTarget section */

/* Begin PBXProject section */
		3CA574752BBF2ADD000A806F /* Project object */ = {
			isa = PBXProject;
			attributes = {
				BuildIndependentTargetsInParallel = 1;
				LastSwiftUpdateCheck = 1530;
				LastUpgradeCheck = 1530;
				TargetAttributes = {
					3CA5747C2BBF2ADD000A806F = {
						CreatedOnToolsVersion = 15.3;
					};
				};
			};
			buildConfigurationList = 3CA574782BBF2ADD000A806F /* Build configuration list for PBXProject "IMDBProject" */;
			compatibilityVersion = "Xcode 14.0";
			developmentRegion = en;
			hasScannedForEncodings = 0;
			knownRegions = (
				en,
				Base,
			);
			mainGroup = 3CA574742BBF2ADD000A806F;
			packageReferences = (
				3CA5748E2BBF2B09000A806F /* XCRemoteSwiftPackageReference "swift-composable-architecture" */,
			);
			productRefGroup = 3CA5747E2BBF2ADD000A806F /* Products */;
			projectDirPath = "";
			projectRoot = "";
			targets = (
				3CA5747C2BBF2ADD000A806F /* IMDBProject */,
			);
		};
/* End PBXProject section */

/* Begin PBXResourcesBuildPhase section */
		3CA5747B2BBF2ADD000A806F /* Resources */ = {
			isa = PBXResourcesBuildPhase;
			buildActionMask = 2147483647;
			files = (
				3CA574882BBF2ADE000A806F /* Preview Assets.xcassets in Resources */,
				3CA574852BBF2ADE000A806F /* Assets.xcassets in Resources */,
			);
			runOnlyForDeploymentPostprocessing = 0;
		};
/* End PBXResourcesBuildPhase section */

/* Begin PBXSourcesBuildPhase section */
		3CA574792BBF2ADD000A806F /* Sources */ = {
			isa = PBXSourcesBuildPhase;
			buildActionMask = 2147483647;
			files = (
				3CB6EF112BC03FB20055E9AA /* NetworkManager.swift in Sources */,
				3CB6EF1A2BC041B90055E9AA /* TVShowResponse.swift in Sources */,
				3CB6EF162BC041510055E9AA /* MovieResponse.swift in Sources */,
				3CB6EF1E2BC046320055E9AA /* HomeScreenView.swift in Sources */,
				3CB6EF1C2BC041D00055E9AA /* TVShow.swift in Sources */,
				3CB6EF212BC047FC0055E9AA /* MediaType.swift in Sources */,
				3CA574812BBF2ADD000A806F /* IMDBProjectApp.swift in Sources */,
				3CB6EF0D2BC03B7B0055E9AA /* HomeScreenFeature.swift in Sources */,
				3CB6EF182BC0416D0055E9AA /* Movie.swift in Sources */,
				3CB6EF292BC062550055E9AA /* MediaItem.swift in Sources */,
			);
			runOnlyForDeploymentPostprocessing = 0;
		};
/* End PBXSourcesBuildPhase section */

/* Begin XCBuildConfiguration section */
		3CA574892BBF2ADE000A806F /* Debug */ = {
			isa = XCBuildConfiguration;
			buildSettings = {
				ALWAYS_SEARCH_USER_PATHS = NO;
				ASSETCATALOG_COMPILER_GENERATE_SWIFT_ASSET_SYMBOL_EXTENSIONS = YES;
				CLANG_ANALYZER_NONNULL = YES;
				CLANG_ANALYZER_NUMBER_OBJECT_CONVERSION = YES_AGGRESSIVE;
				CLANG_CXX_LANGUAGE_STANDARD = "gnu++20";
				CLANG_ENABLE_MODULES = YES;
				CLANG_ENABLE_OBJC_ARC = YES;
				CLANG_ENABLE_OBJC_WEAK = YES;
				CLANG_WARN_BLOCK_CAPTURE_AUTORELEASING = YES;
				CLANG_WARN_BOOL_CONVERSION = YES;
				CLANG_WARN_COMMA = YES;
				CLANG_WARN_CONSTANT_CONVERSION = YES;
				CLANG_WARN_DEPRECATED_OBJC_IMPLEMENTATIONS = YES;
				CLANG_WARN_DIRECT_OBJC_ISA_USAGE = YES_ERROR;
				CLANG_WARN_DOCUMENTATION_COMMENTS = YES;
				CLANG_WARN_EMPTY_BODY = YES;
				CLANG_WARN_ENUM_CONVERSION = YES;
				CLANG_WARN_INFINITE_RECURSION = YES;
				CLANG_WARN_INT_CONVERSION = YES;
				CLANG_WARN_NON_LITERAL_NULL_CONVERSION = YES;
				CLANG_WARN_OBJC_IMPLICIT_RETAIN_SELF = YES;
				CLANG_WARN_OBJC_LITERAL_CONVERSION = YES;
				CLANG_WARN_OBJC_ROOT_CLASS = YES_ERROR;
				CLANG_WARN_QUOTED_INCLUDE_IN_FRAMEWORK_HEADER = YES;
				CLANG_WARN_RANGE_LOOP_ANALYSIS = YES;
				CLANG_WARN_STRICT_PROTOTYPES = YES;
				CLANG_WARN_SUSPICIOUS_MOVE = YES;
				CLANG_WARN_UNGUARDED_AVAILABILITY = YES_AGGRESSIVE;
				CLANG_WARN_UNREACHABLE_CODE = YES;
				CLANG_WARN__DUPLICATE_METHOD_MATCH = YES;
				COPY_PHASE_STRIP = NO;
				DEBUG_INFORMATION_FORMAT = dwarf;
				ENABLE_STRICT_OBJC_MSGSEND = YES;
				ENABLE_TESTABILITY = YES;
				ENABLE_USER_SCRIPT_SANDBOXING = YES;
				GCC_C_LANGUAGE_STANDARD = gnu17;
				GCC_DYNAMIC_NO_PIC = NO;
				GCC_NO_COMMON_BLOCKS = YES;
				GCC_OPTIMIZATION_LEVEL = 0;
				GCC_PREPROCESSOR_DEFINITIONS = (
					"DEBUG=1",
					"$(inherited)",
				);
				GCC_WARN_64_TO_32_BIT_CONVERSION = YES;
				GCC_WARN_ABOUT_RETURN_TYPE = YES_ERROR;
				GCC_WARN_UNDECLARED_SELECTOR = YES;
				GCC_WARN_UNINITIALIZED_AUTOS = YES_AGGRESSIVE;
				GCC_WARN_UNUSED_FUNCTION = YES;
				GCC_WARN_UNUSED_VARIABLE = YES;
				IPHONEOS_DEPLOYMENT_TARGET = 17.4;
				LOCALIZATION_PREFERS_STRING_CATALOGS = YES;
				MTL_ENABLE_DEBUG_INFO = INCLUDE_SOURCE;
				MTL_FAST_MATH = YES;
				ONLY_ACTIVE_ARCH = YES;
				SDKROOT = iphoneos;
				SWIFT_ACTIVE_COMPILATION_CONDITIONS = "DEBUG $(inherited)";
				SWIFT_OPTIMIZATION_LEVEL = "-Onone";
			};
			name = Debug;
		};
		3CA5748A2BBF2ADE000A806F /* Release */ = {
			isa = XCBuildConfiguration;
			buildSettings = {
				ALWAYS_SEARCH_USER_PATHS = NO;
				ASSETCATALOG_COMPILER_GENERATE_SWIFT_ASSET_SYMBOL_EXTENSIONS = YES;
				CLANG_ANALYZER_NONNULL = YES;
				CLANG_ANALYZER_NUMBER_OBJECT_CONVERSION = YES_AGGRESSIVE;
				CLANG_CXX_LANGUAGE_STANDARD = "gnu++20";
				CLANG_ENABLE_MODULES = YES;
				CLANG_ENABLE_OBJC_ARC = YES;
				CLANG_ENABLE_OBJC_WEAK = YES;
				CLANG_WARN_BLOCK_CAPTURE_AUTORELEASING = YES;
				CLANG_WARN_BOOL_CONVERSION = YES;
				CLANG_WARN_COMMA = YES;
				CLANG_WARN_CONSTANT_CONVERSION = YES;
				CLANG_WARN_DEPRECATED_OBJC_IMPLEMENTATIONS = YES;
				CLANG_WARN_DIRECT_OBJC_ISA_USAGE = YES_ERROR;
				CLANG_WARN_DOCUMENTATION_COMMENTS = YES;
				CLANG_WARN_EMPTY_BODY = YES;
				CLANG_WARN_ENUM_CONVERSION = YES;
				CLANG_WARN_INFINITE_RECURSION = YES;
				CLANG_WARN_INT_CONVERSION = YES;
				CLANG_WARN_NON_LITERAL_NULL_CONVERSION = YES;
				CLANG_WARN_OBJC_IMPLICIT_RETAIN_SELF = YES;
				CLANG_WARN_OBJC_LITERAL_CONVERSION = YES;
				CLANG_WARN_OBJC_ROOT_CLASS = YES_ERROR;
				CLANG_WARN_QUOTED_INCLUDE_IN_FRAMEWORK_HEADER = YES;
				CLANG_WARN_RANGE_LOOP_ANALYSIS = YES;
				CLANG_WARN_STRICT_PROTOTYPES = YES;
				CLANG_WARN_SUSPICIOUS_MOVE = YES;
				CLANG_WARN_UNGUARDED_AVAILABILITY = YES_AGGRESSIVE;
				CLANG_WARN_UNREACHABLE_CODE = YES;
				CLANG_WARN__DUPLICATE_METHOD_MATCH = YES;
				COPY_PHASE_STRIP = NO;
				DEBUG_INFORMATION_FORMAT = "dwarf-with-dsym";
				ENABLE_NS_ASSERTIONS = NO;
				ENABLE_STRICT_OBJC_MSGSEND = YES;
				ENABLE_USER_SCRIPT_SANDBOXING = YES;
				GCC_C_LANGUAGE_STANDARD = gnu17;
				GCC_NO_COMMON_BLOCKS = YES;
				GCC_WARN_64_TO_32_BIT_CONVERSION = YES;
				GCC_WARN_ABOUT_RETURN_TYPE = YES_ERROR;
				GCC_WARN_UNDECLARED_SELECTOR = YES;
				GCC_WARN_UNINITIALIZED_AUTOS = YES_AGGRESSIVE;
				GCC_WARN_UNUSED_FUNCTION = YES;
				GCC_WARN_UNUSED_VARIABLE = YES;
				IPHONEOS_DEPLOYMENT_TARGET = 17.4;
				LOCALIZATION_PREFERS_STRING_CATALOGS = YES;
				MTL_ENABLE_DEBUG_INFO = NO;
				MTL_FAST_MATH = YES;
				SDKROOT = iphoneos;
				SWIFT_COMPILATION_MODE = wholemodule;
				VALIDATE_PRODUCT = YES;
			};
			name = Release;
		};
		3CA5748C2BBF2ADE000A806F /* Debug */ = {
			isa = XCBuildConfiguration;
			buildSettings = {
				ASSETCATALOG_COMPILER_APPICON_NAME = AppIcon;
				ASSETCATALOG_COMPILER_GLOBAL_ACCENT_COLOR_NAME = AccentColor;
				CODE_SIGN_STYLE = Automatic;
				CURRENT_PROJECT_VERSION = 1;
				DEVELOPMENT_ASSET_PATHS = "\"IMDBProject/Preview Content\"";
				DEVELOPMENT_TEAM = 6492MMPC3V;
				ENABLE_PREVIEWS = YES;
				GENERATE_INFOPLIST_FILE = YES;
				INFOPLIST_KEY_UIApplicationSceneManifest_Generation = YES;
				INFOPLIST_KEY_UIApplicationSupportsIndirectInputEvents = YES;
				INFOPLIST_KEY_UILaunchScreen_Generation = YES;
				INFOPLIST_KEY_UISupportedInterfaceOrientations_iPad = "UIInterfaceOrientationPortrait UIInterfaceOrientationPortraitUpsideDown UIInterfaceOrientationLandscapeLeft UIInterfaceOrientationLandscapeRight";
				INFOPLIST_KEY_UISupportedInterfaceOrientations_iPhone = "UIInterfaceOrientationPortrait UIInterfaceOrientationLandscapeLeft UIInterfaceOrientationLandscapeRight";
				LD_RUNPATH_SEARCH_PATHS = (
					"$(inherited)",
					"@executable_path/Frameworks",
				);
				MARKETING_VERSION = 1.0;
				PRODUCT_BUNDLE_IDENTIFIER = edu.galinial.IMDBProject;
				PRODUCT_NAME = "$(TARGET_NAME)";
				SWIFT_EMIT_LOC_STRINGS = YES;
				SWIFT_VERSION = 5.0;
				TARGETED_DEVICE_FAMILY = "1,2";
			};
			name = Debug;
		};
		3CA5748D2BBF2ADE000A806F /* Release */ = {
			isa = XCBuildConfiguration;
			buildSettings = {
				ASSETCATALOG_COMPILER_APPICON_NAME = AppIcon;
				ASSETCATALOG_COMPILER_GLOBAL_ACCENT_COLOR_NAME = AccentColor;
				CODE_SIGN_STYLE = Automatic;
				CURRENT_PROJECT_VERSION = 1;
				DEVELOPMENT_ASSET_PATHS = "\"IMDBProject/Preview Content\"";
				DEVELOPMENT_TEAM = 6492MMPC3V;
				ENABLE_PREVIEWS = YES;
				GENERATE_INFOPLIST_FILE = YES;
				INFOPLIST_KEY_UIApplicationSceneManifest_Generation = YES;
				INFOPLIST_KEY_UIApplicationSupportsIndirectInputEvents = YES;
				INFOPLIST_KEY_UILaunchScreen_Generation = YES;
				INFOPLIST_KEY_UISupportedInterfaceOrientations_iPad = "UIInterfaceOrientationPortrait UIInterfaceOrientationPortraitUpsideDown UIInterfaceOrientationLandscapeLeft UIInterfaceOrientationLandscapeRight";
				INFOPLIST_KEY_UISupportedInterfaceOrientations_iPhone = "UIInterfaceOrientationPortrait UIInterfaceOrientationLandscapeLeft UIInterfaceOrientationLandscapeRight";
				LD_RUNPATH_SEARCH_PATHS = (
					"$(inherited)",
					"@executable_path/Frameworks",
				);
				MARKETING_VERSION = 1.0;
				PRODUCT_BUNDLE_IDENTIFIER = edu.galinial.IMDBProject;
				PRODUCT_NAME = "$(TARGET_NAME)";
				SWIFT_EMIT_LOC_STRINGS = YES;
				SWIFT_VERSION = 5.0;
				TARGETED_DEVICE_FAMILY = "1,2";
			};
			name = Release;
		};
/* End XCBuildConfiguration section */

/* Begin XCConfigurationList section */
		3CA574782BBF2ADD000A806F /* Build configuration list for PBXProject "IMDBProject" */ = {
			isa = XCConfigurationList;
			buildConfigurations = (
				3CA574892BBF2ADE000A806F /* Debug */,
				3CA5748A2BBF2ADE000A806F /* Release */,
			);
			defaultConfigurationIsVisible = 0;
			defaultConfigurationName = Release;
		};
		3CA5748B2BBF2ADE000A806F /* Build configuration list for PBXNativeTarget "IMDBProject" */ = {
			isa = XCConfigurationList;
			buildConfigurations = (
				3CA5748C2BBF2ADE000A806F /* Debug */,
				3CA5748D2BBF2ADE000A806F /* Release */,
			);
			defaultConfigurationIsVisible = 0;
			defaultConfigurationName = Release;
		};
/* End XCConfigurationList section */

/* Begin XCRemoteSwiftPackageReference section */
		3CA5748E2BBF2B09000A806F /* XCRemoteSwiftPackageReference "swift-composable-architecture" */ = {
			isa = XCRemoteSwiftPackageReference;
			repositoryURL = "https://github.com/pointfreeco/swift-composable-architecture#Installation";
			requirement = {
				kind = upToNextMajorVersion;
				minimumVersion = 1.9.2;
			};
		};
/* End XCRemoteSwiftPackageReference section */

/* Begin XCSwiftPackageProductDependency section */
		3CA5748F2BBF2B09000A806F /* ComposableArchitecture */ = {
			isa = XCSwiftPackageProductDependency;
			package = 3CA5748E2BBF2B09000A806F /* XCRemoteSwiftPackageReference "swift-composable-architecture" */;
			productName = ComposableArchitecture;
		};
/* End XCSwiftPackageProductDependency section */
	};
	rootObject = 3CA574752BBF2ADD000A806F /* Project object */;
}
